// !$*UTF8*$!
{
	archiveVersion = 1;
	classes = {
	};
	objectVersion = 56;
	objects = {

/* Begin PBXBuildFile section */
		7B5BEF822A4033D70018C1BE /* AppDelegate.swift in Sources */ = {isa = PBXBuildFile; fileRef = 7B5BEF812A4033D70018C1BE /* AppDelegate.swift */; };
		7B5BEF842A4033D70018C1BE /* SceneDelegate.swift in Sources */ = {isa = PBXBuildFile; fileRef = 7B5BEF832A4033D70018C1BE /* SceneDelegate.swift */; };
		7B5BEF862A4033D70018C1BE /* ViewController.swift in Sources */ = {isa = PBXBuildFile; fileRef = 7B5BEF852A4033D70018C1BE /* ViewController.swift */; };
		7B5BEF892A4033D70018C1BE /* Main.storyboard in Resources */ = {isa = PBXBuildFile; fileRef = 7B5BEF872A4033D70018C1BE /* Main.storyboard */; };
		7B5BEF8B2A4033DA0018C1BE /* Assets.xcassets in Resources */ = {isa = PBXBuildFile; fileRef = 7B5BEF8A2A4033DA0018C1BE /* Assets.xcassets */; };
		7B5BEF8E2A4033DA0018C1BE /* LaunchScreen.storyboard in Resources */ = {isa = PBXBuildFile; fileRef = 7B5BEF8C2A4033DA0018C1BE /* LaunchScreen.storyboard */; };
		7B5BEF9C2A4037230018C1BE /* tf_ios_module_a in Frameworks */ = {isa = PBXBuildFile; productRef = 7B5BEF9B2A4037230018C1BE /* tf_ios_module_a */; };
/* End PBXBuildFile section */

/* Begin PBXFileReference section */
		7B5BEF7E2A4033D70018C1BE /* FlowADemo.app */ = {isa = PBXFileReference; explicitFileType = wrapper.application; includeInIndex = 0; path = FlowADemo.app; sourceTree = BUILT_PRODUCTS_DIR; };
		7B5BEF812A4033D70018C1BE /* AppDelegate.swift */ = {isa = PBXFileReference; lastKnownFileType = sourcecode.swift; path = AppDelegate.swift; sourceTree = "<group>"; };
		7B5BEF832A4033D70018C1BE /* SceneDelegate.swift */ = {isa = PBXFileReference; lastKnownFileType = sourcecode.swift; path = SceneDelegate.swift; sourceTree = "<group>"; };
		7B5BEF852A4033D70018C1BE /* ViewController.swift */ = {isa = PBXFileReference; lastKnownFileType = sourcecode.swift; path = ViewController.swift; sourceTree = "<group>"; };
		7B5BEF882A4033D70018C1BE /* Base */ = {isa = PBXFileReference; lastKnownFileType = file.storyboard; name = Base; path = Base.lproj/Main.storyboard; sourceTree = "<group>"; };
		7B5BEF8A2A4033DA0018C1BE /* Assets.xcassets */ = {isa = PBXFileReference; lastKnownFileType = folder.assetcatalog; path = Assets.xcassets; sourceTree = "<group>"; };
		7B5BEF8D2A4033DA0018C1BE /* Base */ = {isa = PBXFileReference; lastKnownFileType = file.storyboard; name = Base; path = Base.lproj/LaunchScreen.storyboard; sourceTree = "<group>"; };
		7B5BEF8F2A4033DA0018C1BE /* Info.plist */ = {isa = PBXFileReference; lastKnownFileType = text.plist.xml; path = Info.plist; sourceTree = "<group>"; };
		7B5BEF992A4034BD0018C1BE /* tf_ios_module_a */ = {isa = PBXFileReference; lastKnownFileType = wrapper; name = tf_ios_module_a; path = ..; sourceTree = "<group>"; };
/* End PBXFileReference section */

/* Begin PBXFrameworksBuildPhase section */
		7B5BEF7B2A4033D70018C1BE /* Frameworks */ = {
			isa = PBXFrameworksBuildPhase;
			buildActionMask = 2147483647;
			files = (
				7B5BEF9C2A4037230018C1BE /* tf_ios_module_a in Frameworks */,
			);
			runOnlyForDeploymentPostprocessing = 0;
		};
/* End PBXFrameworksBuildPhase section */

/* Begin PBXGroup section */
		7B5BEF752A4033D70018C1BE = {
			isa = PBXGroup;
			children = (
				7B5BEF952A4033EC0018C1BE /* Packages */,
				7B5BEF802A4033D70018C1BE /* FlowADemo */,
				7B5BEF7F2A4033D70018C1BE /* Products */,
				7B5BEF9A2A4037230018C1BE /* Frameworks */,
			);
			sourceTree = "<group>";
		};
		7B5BEF7F2A4033D70018C1BE /* Products */ = {
			isa = PBXGroup;
			children = (
				7B5BEF7E2A4033D70018C1BE /* FlowADemo.app */,
			);
			name = Products;
			sourceTree = "<group>";
		};
		7B5BEF802A4033D70018C1BE /* FlowADemo */ = {
			isa = PBXGroup;
			children = (
				7B5BEF812A4033D70018C1BE /* AppDelegate.swift */,
				7B5BEF832A4033D70018C1BE /* SceneDelegate.swift */,
				7B5BEF852A4033D70018C1BE /* ViewController.swift */,
				7B5BEF872A4033D70018C1BE /* Main.storyboard */,
				7B5BEF8A2A4033DA0018C1BE /* Assets.xcassets */,
				7B5BEF8C2A4033DA0018C1BE /* LaunchScreen.storyboard */,
				7B5BEF8F2A4033DA0018C1BE /* Info.plist */,
			);
			path = FlowADemo;
			sourceTree = "<group>";
		};
		7B5BEF952A4033EC0018C1BE /* Packages */ = {
			isa = PBXGroup;
			children = (
				7B5BEF992A4034BD0018C1BE /* tf_ios_module_a */,
			);
			name = Packages;
			sourceTree = "<group>";
		};
		7B5BEF9A2A4037230018C1BE /* Frameworks */ = {
			isa = PBXGroup;
			children = (
			);
			name = Frameworks;
			sourceTree = "<group>";
		};
/* End PBXGroup section */

/* Begin PBXNativeTarget section */
		7B5BEF7D2A4033D70018C1BE /* FlowADemo */ = {
			isa = PBXNativeTarget;
			buildConfigurationList = 7B5BEF922A4033DA0018C1BE /* Build configuration list for PBXNativeTarget "FlowADemo" */;
			buildPhases = (
				7B5BEF7A2A4033D70018C1BE /* Sources */,
				7B5BEF7B2A4033D70018C1BE /* Frameworks */,
				7B5BEF7C2A4033D70018C1BE /* Resources */,
			);
			buildRules = (
			);
			dependencies = (
			);
			name = FlowADemo;
			packageProductDependencies = (
				7B5BEF9B2A4037230018C1BE /* tf_ios_module_a */,
			);
			productName = FlowADemo;
			productReference = 7B5BEF7E2A4033D70018C1BE /* FlowADemo.app */;
			productType = "com.apple.product-type.application";
		};
/* End PBXNativeTarget section */

/* Begin PBXProject section */
		7B5BEF762A4033D70018C1BE /* Project object */ = {
			isa = PBXProject;
			attributes = {
				BuildIndependentTargetsInParallel = 1;
				LastSwiftUpdateCheck = 1430;
				LastUpgradeCheck = 1430;
				TargetAttributes = {
					7B5BEF7D2A4033D70018C1BE = {
						CreatedOnToolsVersion = 14.3;
					};
				};
			};
			buildConfigurationList = 7B5BEF792A4033D70018C1BE /* Build configuration list for PBXProject "FlowADemo" */;
			compatibilityVersion = "Xcode 14.0";
			developmentRegion = en;
			hasScannedForEncodings = 0;
			knownRegions = (
				en,
				Base,
			);
			mainGroup = 7B5BEF752A4033D70018C1BE;
			packageReferences = (
				7B9511662A41245300E934BD /* XCRemoteSwiftPackageReference "PureLayout" */,
			);
			productRefGroup = 7B5BEF7F2A4033D70018C1BE /* Products */;
			projectDirPath = "";
			projectRoot = "";
			targets = (
				7B5BEF7D2A4033D70018C1BE /* FlowADemo */,
			);
		};
/* End PBXProject section */

/* Begin PBXResourcesBuildPhase section */
		7B5BEF7C2A4033D70018C1BE /* Resources */ = {
			isa = PBXResourcesBuildPhase;
			buildActionMask = 2147483647;
			files = (
				7B5BEF8E2A4033DA0018C1BE /* LaunchScreen.storyboard in Resources */,
				7B5BEF8B2A4033DA0018C1BE /* Assets.xcassets in Resources */,
				7B5BEF892A4033D70018C1BE /* Main.storyboard in Resources */,
			);
			runOnlyForDeploymentPostprocessing = 0;
		};
/* End PBXResourcesBuildPhase section */

/* Begin PBXSourcesBuildPhase section */
		7B5BEF7A2A4033D70018C1BE /* Sources */ = {
			isa = PBXSourcesBuildPhase;
			buildActionMask = 2147483647;
			files = (
				7B5BEF862A4033D70018C1BE /* ViewController.swift in Sources */,
				7B5BEF822A4033D70018C1BE /* AppDelegate.swift in Sources */,
				7B5BEF842A4033D70018C1BE /* SceneDelegate.swift in Sources */,
			);
			runOnlyForDeploymentPostprocessing = 0;
		};
/* End PBXSourcesBuildPhase section */

/* Begin PBXVariantGroup section */
		7B5BEF872A4033D70018C1BE /* Main.storyboard */ = {
			isa = PBXVariantGroup;
			children = (
				7B5BEF882A4033D70018C1BE /* Base */,
			);
			name = Main.storyboard;
			sourceTree = "<group>";
		};
		7B5BEF8C2A4033DA0018C1BE /* LaunchScreen.storyboard */ = {
			isa = PBXVariantGroup;
			children = (
				7B5BEF8D2A4033DA0018C1BE /* Base */,
			);
			name = LaunchScreen.storyboard;
			sourceTree = "<group>";
		};
/* End PBXVariantGroup section */

/* Begin XCBuildConfiguration section */
		7B5BEF902A4033DA0018C1BE /* Debug */ = {
			isa = XCBuildConfiguration;
			buildSettings = {
				ALWAYS_SEARCH_USER_PATHS = NO;
				CLANG_ANALYZER_NONNULL = YES;
				CLANG_ANALYZER_NUMBER_OBJECT_CONVERSION = YES_AGGRESSIVE;
				CLANG_CXX_LANGUAGE_STANDARD = "gnu++20";
				CLANG_ENABLE_MODULES = YES;
				CLANG_ENABLE_OBJC_ARC = YES;
				CLANG_ENABLE_OBJC_WEAK = YES;
				CLANG_WARN_BLOCK_CAPTURE_AUTORELEASING = YES;
				CLANG_WARN_BOOL_CONVERSION = YES;
				CLANG_WARN_COMMA = YES;
				CLANG_WARN_CONSTANT_CONVERSION = YES;
				CLANG_WARN_DEPRECATED_OBJC_IMPLEMENTATIONS = YES;
				CLANG_WARN_DIRECT_OBJC_ISA_USAGE = YES_ERROR;
				CLANG_WARN_DOCUMENTATION_COMMENTS = YES;
				CLANG_WARN_EMPTY_BODY = YES;
				CLANG_WARN_ENUM_CONVERSION = YES;
				CLANG_WARN_INFINITE_RECURSION = YES;
				CLANG_WARN_INT_CONVERSION = YES;
				CLANG_WARN_NON_LITERAL_NULL_CONVERSION = YES;
				CLANG_WARN_OBJC_IMPLICIT_RETAIN_SELF = YES;
				CLANG_WARN_OBJC_LITERAL_CONVERSION = YES;
				CLANG_WARN_OBJC_ROOT_CLASS = YES_ERROR;
				CLANG_WARN_QUOTED_INCLUDE_IN_FRAMEWORK_HEADER = YES;
				CLANG_WARN_RANGE_LOOP_ANALYSIS = YES;
				CLANG_WARN_STRICT_PROTOTYPES = YES;
				CLANG_WARN_SUSPICIOUS_MOVE = YES;
				CLANG_WARN_UNGUARDED_AVAILABILITY = YES_AGGRESSIVE;
				CLANG_WARN_UNREACHABLE_CODE = YES;
				CLANG_WARN__DUPLICATE_METHOD_MATCH = YES;
				COPY_PHASE_STRIP = NO;
				DEBUG_INFORMATION_FORMAT = dwarf;
				ENABLE_STRICT_OBJC_MSGSEND = YES;
				ENABLE_TESTABILITY = YES;
				GCC_C_LANGUAGE_STANDARD = gnu11;
				GCC_DYNAMIC_NO_PIC = NO;
				GCC_NO_COMMON_BLOCKS = YES;
				GCC_OPTIMIZATION_LEVEL = 0;
				GCC_PREPROCESSOR_DEFINITIONS = (
					"DEBUG=1",
					"$(inherited)",
				);
				GCC_WARN_64_TO_32_BIT_CONVERSION = YES;
				GCC_WARN_ABOUT_RETURN_TYPE = YES_ERROR;
				GCC_WARN_UNDECLARED_SELECTOR = YES;
				GCC_WARN_UNINITIALIZED_AUTOS = YES_AGGRESSIVE;
				GCC_WARN_UNUSED_FUNCTION = YES;
				GCC_WARN_UNUSED_VARIABLE = YES;
				IPHONEOS_DEPLOYMENT_TARGET = 16.4;
				MTL_ENABLE_DEBUG_INFO = INCLUDE_SOURCE;
				MTL_FAST_MATH = YES;
				ONLY_ACTIVE_ARCH = YES;
				SDKROOT = iphoneos;
				SWIFT_ACTIVE_COMPILATION_CONDITIONS = DEBUG;
				SWIFT_OPTIMIZATION_LEVEL = "-Onone";
			};
			name = Debug;
		};
		7B5BEF912A4033DA0018C1BE /* Release */ = {
			isa = XCBuildConfiguration;
			buildSettings = {
				ALWAYS_SEARCH_USER_PATHS = NO;
				CLANG_ANALYZER_NONNULL = YES;
				CLANG_ANALYZER_NUMBER_OBJECT_CONVERSION = YES_AGGRESSIVE;
				CLANG_CXX_LANGUAGE_STANDARD = "gnu++20";
				CLANG_ENABLE_MODULES = YES;
				CLANG_ENABLE_OBJC_ARC = YES;
				CLANG_ENABLE_OBJC_WEAK = YES;
				CLANG_WARN_BLOCK_CAPTURE_AUTORELEASING = YES;
				CLANG_WARN_BOOL_CONVERSION = YES;
				CLANG_WARN_COMMA = YES;
				CLANG_WARN_CONSTANT_CONVERSION = YES;
				CLANG_WARN_DEPRECATED_OBJC_IMPLEMENTATIONS = YES;
				CLANG_WARN_DIRECT_OBJC_ISA_USAGE = YES_ERROR;
				CLANG_WARN_DOCUMENTATION_COMMENTS = YES;
				CLANG_WARN_EMPTY_BODY = YES;
				CLANG_WARN_ENUM_CONVERSION = YES;
				CLANG_WARN_INFINITE_RECURSION = YES;
				CLANG_WARN_INT_CONVERSION = YES;
				CLANG_WARN_NON_LITERAL_NULL_CONVERSION = YES;
				CLANG_WARN_OBJC_IMPLICIT_RETAIN_SELF = YES;
				CLANG_WARN_OBJC_LITERAL_CONVERSION = YES;
				CLANG_WARN_OBJC_ROOT_CLASS = YES_ERROR;
				CLANG_WARN_QUOTED_INCLUDE_IN_FRAMEWORK_HEADER = YES;
				CLANG_WARN_RANGE_LOOP_ANALYSIS = YES;
				CLANG_WARN_STRICT_PROTOTYPES = YES;
				CLANG_WARN_SUSPICIOUS_MOVE = YES;
				CLANG_WARN_UNGUARDED_AVAILABILITY = YES_AGGRESSIVE;
				CLANG_WARN_UNREACHABLE_CODE = YES;
				CLANG_WARN__DUPLICATE_METHOD_MATCH = YES;
				COPY_PHASE_STRIP = NO;
				DEBUG_INFORMATION_FORMAT = "dwarf-with-dsym";
				ENABLE_NS_ASSERTIONS = NO;
				ENABLE_STRICT_OBJC_MSGSEND = YES;
				GCC_C_LANGUAGE_STANDARD = gnu11;
				GCC_NO_COMMON_BLOCKS = YES;
				GCC_WARN_64_TO_32_BIT_CONVERSION = YES;
				GCC_WARN_ABOUT_RETURN_TYPE = YES_ERROR;
				GCC_WARN_UNDECLARED_SELECTOR = YES;
				GCC_WARN_UNINITIALIZED_AUTOS = YES_AGGRESSIVE;
				GCC_WARN_UNUSED_FUNCTION = YES;
				GCC_WARN_UNUSED_VARIABLE = YES;
				IPHONEOS_DEPLOYMENT_TARGET = 16.4;
				MTL_ENABLE_DEBUG_INFO = NO;
				MTL_FAST_MATH = YES;
				SDKROOT = iphoneos;
				SWIFT_COMPILATION_MODE = wholemodule;
				SWIFT_OPTIMIZATION_LEVEL = "-O";
				VALIDATE_PRODUCT = YES;
			};
			name = Release;
		};
		7B5BEF932A4033DA0018C1BE /* Debug */ = {
			isa = XCBuildConfiguration;
			buildSettings = {
				ASSETCATALOG_COMPILER_APPICON_NAME = AppIcon;
				ASSETCATALOG_COMPILER_GLOBAL_ACCENT_COLOR_NAME = AccentColor;
				CODE_SIGN_STYLE = Automatic;
				CURRENT_PROJECT_VERSION = 1;
				GENERATE_INFOPLIST_FILE = YES;
				INFOPLIST_FILE = FlowADemo/Info.plist;
				INFOPLIST_KEY_UIApplicationSupportsIndirectInputEvents = YES;
				INFOPLIST_KEY_UILaunchStoryboardName = LaunchScreen;
				INFOPLIST_KEY_UIMainStoryboardFile = LaunchScreen;
				INFOPLIST_KEY_UISupportedInterfaceOrientations_iPad = "UIInterfaceOrientationPortrait UIInterfaceOrientationPortraitUpsideDown UIInterfaceOrientationLandscapeLeft UIInterfaceOrientationLandscapeRight";
				INFOPLIST_KEY_UISupportedInterfaceOrientations_iPhone = "UIInterfaceOrientationPortrait UIInterfaceOrientationLandscapeLeft UIInterfaceOrientationLandscapeRight";
				LD_RUNPATH_SEARCH_PATHS = (
					"$(inherited)",
					"@executable_path/Frameworks",
				);
				MARKETING_VERSION = 1.0;
				PRODUCT_BUNDLE_IDENTIFIER = myteam.FlowADemo;
				PRODUCT_NAME = "$(TARGET_NAME)";
				SWIFT_EMIT_LOC_STRINGS = YES;
				SWIFT_VERSION = 5.0;
				TARGETED_DEVICE_FAMILY = "1,2";
			};
			name = Debug;
		};
		7B5BEF942A4033DA0018C1BE /* Release */ = {
			isa = XCBuildConfiguration;
			buildSettings = {
				ASSETCATALOG_COMPILER_APPICON_NAME = AppIcon;
				ASSETCATALOG_COMPILER_GLOBAL_ACCENT_COLOR_NAME = AccentColor;
				CODE_SIGN_STYLE = Automatic;
				CURRENT_PROJECT_VERSION = 1;
				GENERATE_INFOPLIST_FILE = YES;
				INFOPLIST_FILE = FlowADemo/Info.plist;
				INFOPLIST_KEY_UIApplicationSupportsIndirectInputEvents = YES;
				INFOPLIST_KEY_UILaunchStoryboardName = LaunchScreen;
				INFOPLIST_KEY_UIMainStoryboardFile = LaunchScreen;
				INFOPLIST_KEY_UISupportedInterfaceOrientations_iPad = "UIInterfaceOrientationPortrait UIInterfaceOrientationPortraitUpsideDown UIInterfaceOrientationLandscapeLeft UIInterfaceOrientationLandscapeRight";
				INFOPLIST_KEY_UISupportedInterfaceOrientations_iPhone = "UIInterfaceOrientationPortrait UIInterfaceOrientationLandscapeLeft UIInterfaceOrientationLandscapeRight";
				LD_RUNPATH_SEARCH_PATHS = (
					"$(inherited)",
					"@executable_path/Frameworks",
				);
				MARKETING_VERSION = 1.0;
				PRODUCT_BUNDLE_IDENTIFIER = myteam.FlowADemo;
				PRODUCT_NAME = "$(TARGET_NAME)";
				SWIFT_EMIT_LOC_STRINGS = YES;
				SWIFT_VERSION = 5.0;
				TARGETED_DEVICE_FAMILY = "1,2";
			};
			name = Release;
		};
/* End XCBuildConfiguration section */

/* Begin XCConfigurationList section */
		7B5BEF792A4033D70018C1BE /* Build configuration list for PBXProject "FlowADemo" */ = {
			isa = XCConfigurationList;
			buildConfigurations = (
				7B5BEF902A4033DA0018C1BE /* Debug */,
				7B5BEF912A4033DA0018C1BE /* Release */,
			);
			defaultConfigurationIsVisible = 0;
			defaultConfigurationName = Release;
		};
		7B5BEF922A4033DA0018C1BE /* Build configuration list for PBXNativeTarget "FlowADemo" */ = {
			isa = XCConfigurationList;
			buildConfigurations = (
				7B5BEF932A4033DA0018C1BE /* Debug */,
				7B5BEF942A4033DA0018C1BE /* Release */,
			);
			defaultConfigurationIsVisible = 0;
			defaultConfigurationName = Release;
		};
/* End XCConfigurationList section */

/* Begin XCRemoteSwiftPackageReference section */
		7B9511662A41245300E934BD /* XCRemoteSwiftPackageReference "PureLayout" */ = {
			isa = XCRemoteSwiftPackageReference;
			repositoryURL = "https://github.com/PureLayout/PureLayout";
			requirement = {
				kind = upToNextMajorVersion;
				minimumVersion = 3.0.0;
			};
		};
/* End XCRemoteSwiftPackageReference section */

/* Begin XCSwiftPackageProductDependency section */
		7B5BEF9B2A4037230018C1BE /* tf_ios_module_a */ = {
			isa = XCSwiftPackageProductDependency;
			productName = tf_ios_module_a;
		};
/* End XCSwiftPackageProductDependency section */
	};
	rootObject = 7B5BEF762A4033D70018C1BE /* Project object */;
}
